# This file is autogenerated, do not edit; changes may be undone by the next 'dep ensure'.


[[projects]]
  branch = "master"
  digest = "1:adddf11eb27039a3afcc74c5e3d13da84e189012ec37acfc2c70385f25edbe0f"
  name = "github.com/gocarina/gocsv"
  packages = ["."]
  pruneopts = "UT"
  revision = "2fc85fcf0c07e8bb9123b2104e84cfc2a5b53724"

[solve-meta]
  analyzer-name = "dep"
  analyzer-version = 1
  input-imports = ["github.com/gocarina/gocsv"]
  solver-name = "gps-cdcl"
  solver-version = 1
